
Microsoft Visual Studio Solution File, Format Version 12.00
# Visual Studio Version 16
VisualStudioVersion = 16.0.29609.76
MinimumVisualStudioVersion = 10.0.40219.1
Project("{8BC9CEB8-8B4A-11D0-8D11-00A0C91BC942}") = "200511 Excercise", "200511 Excercise.vcxproj", "{A10DE821-3435-444F-83F3-DC469E6BC585}"
EndProject
Global
	GlobalSection(SolutionConfigurationPlatforms) = preSolution
		Debug|x64 = Debug|x64
		Debug|x86 = Debug|x86
		Release|x64 = Release|x64
		Release|x86 = Release|x86
	EndGlobalSection
	GlobalSection(ProjectConfigurationPlatforms) = postSolution
		{A10DE821-3435-444F-83F3-DC469E6BC585}.Debug|x64.ActiveCfg = Debug|x64
		{A10DE821-3435-444F-83F3-DC469E6BC585}.Debug|x64.Build.0 = Debug|x64
		{A10DE821-3435-444F-83F3-DC469E6BC585}.Debug|x86.ActiveCfg = Debug|Win32
		{A10DE821-3435-444F-83F3-DC469E6BC585}.Debug|x86.Build.0 = Debug|Win32
		{A10DE821-3435-444F-83F3-DC469E6BC585}.Release|x64.ActiveCfg = Release|x64
		{A10DE821-3435-444F-83F3-DC469E6BC585}.Release|x64.Build.0 = Release|x64
		{A10DE821-3435-444F-83F3-DC469E6BC585}.Release|x86.ActiveCfg = Release|Win32
		{A10DE821-3435-444F-83F3-DC469E6BC585}.Release|x86.Build.0 = Release|Win32
	EndGlobalSection
	GlobalSection(SolutionProperties) = preSolution
		HideSolutionNode = FALSE
	EndGlobalSection
	GlobalSection(ExtensibilityGlobals) = postSolution
		SolutionGuid = {AD2B2372-EA59-40B5-83E5-A0E9815C6262}
	EndGlobalSection
EndGlobal
