
Microsoft Visual Studio Solution File, Format Version 12.00
# Visual Studio Version 16
VisualStudioVersion = 16.0.29613.14
MinimumVisualStudioVersion = 10.0.40219.1
Project("{2150E333-8FDC-42A3-9474-1A3956D46DE8}") = "C++Basics", "C++Basics", "{D21C6AF5-FECD-4807-A261-BBB9450D8471}"
EndProject
Project("{2150E333-8FDC-42A3-9474-1A3956D46DE8}") = "C++Fundamentals", "C++Fundamentals", "{F5B30ED2-5DD1-4DA7-9D98-88C36B72A1F3}"
EndProject
Project("{8BC9CEB8-8B4A-11D0-8D11-00A0C91BC942}") = "ConditionalStatements", "Basics\ConditionalStatements\ConditionalStatements.vcxproj", "{B3EF0680-363D-49AC-B6DF-FFF6D4A682BB}"
EndProject
Project("{8BC9CEB8-8B4A-11D0-8D11-00A0C91BC942}") = "ExamPrep", "Basics\ExamPrep\ExamPrep.vcxproj", "{FF54C14A-5AB4-411C-8C2D-D509BA3E19EB}"
EndProject
Project("{8BC9CEB8-8B4A-11D0-8D11-00A0C91BC942}") = "FirstSteps", "Basics\FirstSteps\FirstSteps.vcxproj", "{F815124D-1957-4498-9EAC-3CDFA879EACB}"
EndProject
Project("{8BC9CEB8-8B4A-11D0-8D11-00A0C91BC942}") = "Loops", "Basics\Loops\Loops.vcxproj", "{72F6B417-DF8C-4788-B5A2-C58847D62706}"
EndProject
Project("{8BC9CEB8-8B4A-11D0-8D11-00A0C91BC942}") = "Loops2", "Basics\Loops2\Loops2.vcxproj", "{755E199E-0CF7-4158-94FB-DB59BB0FA4EC}"
EndProject
Project("{8BC9CEB8-8B4A-11D0-8D11-00A0C91BC942}") = "NestedConditions", "Basics\NestedConditions\NestedConditions.vcxproj", "{C72B6FEF-CB80-49D0-934A-CACEE165BF58}"
EndProject
Project("{8BC9CEB8-8B4A-11D0-8D11-00A0C91BC942}") = "SimpleOperations", "Basics\SimpleOperations\SimpleOperations.vcxproj", "{9DFF2CDD-482D-42C9-A6BA-59ED96196CB5}"
EndProject
Project("{8BC9CEB8-8B4A-11D0-8D11-00A0C91BC942}") = "AssociativeContainersEx", "Fundamentals\AssociativeContainersEx\AssociativeContainersEx.vcxproj", "{98A7B3D2-4B7E-4AAF-BE4B-51FC36726C49}"
EndProject
Project("{8BC9CEB8-8B4A-11D0-8D11-00A0C91BC942}") = "BasicSyntax", "Fundamentals\BasicSyntax\BasicSyntax.vcxproj", "{7ED41075-EAB1-4247-8D5B-CEEE0244BC26}"
EndProject
Project("{2150E333-8FDC-42A3-9474-1A3956D46DE8}") = "Exams", "Exams", "{55E336EE-77AB-4947-A97B-F1769481D507}"
EndProject
Project("{8BC9CEB8-8B4A-11D0-8D11-00A0C91BC942}") = "ExamPrepDemos", "Fundamentals\ExamPrepDemos\200518 Exam Prep.vcxproj", "{63A92309-B284-45E5-AF3E-CC9EE1E4F9BC}"
EndProject
Project("{8BC9CEB8-8B4A-11D0-8D11-00A0C91BC942}") = "EP_Prob1", "Fundamentals\ExamPrep\EP_Prob1\EP_Prob1.vcxproj", "{33C5514F-F875-47D0-9AC0-345578B91792}"
EndProject
Project("{8BC9CEB8-8B4A-11D0-8D11-00A0C91BC942}") = "ExamPrep", "Fundamentals\ExamPrep\ExamPrep.vcxproj", "{881A57A0-B827-49BD-ADFD-7026BAA56D07}"
EndProject
Project("{8BC9CEB8-8B4A-11D0-8D11-00A0C91BC942}") = "EP_Prob2", "Fundamentals\ExamPrep\EP_Prob2\EP_Prob2.vcxproj", "{910762DC-6C83-498C-BE86-E82B78E3B6CF}"
EndProject
Project("{8BC9CEB8-8B4A-11D0-8D11-00A0C91BC942}") = "EP_Prob3", "Fundamentals\ExamPrep\EP_Prob3\EP_Prob3.vcxproj", "{3D3D5727-225F-49A4-965A-53810D45B636}"
EndProject
Project("{8BC9CEB8-8B4A-11D0-8D11-00A0C91BC942}") = "EP_Prob4", "Fundamentals\ExamPrep\EP_Prob4\EP_Prob4.vcxproj", "{5661A6AF-7E40-4EF9-A823-11DBCFF70CA8}"
EndProject
Project("{8BC9CEB8-8B4A-11D0-8D11-00A0C91BC942}") = "ExPrep_1", "Fundamentals\ExamPrep\ExPrep_1\ExPrep_1.vcxproj", "{0E163855-7FF2-46ED-961E-D1826F7D1EAD}"
EndProject
Project("{8BC9CEB8-8B4A-11D0-8D11-00A0C91BC942}") = "ExPrep_2", "Fundamentals\ExamPrep\ExPrep_2\ExPrep_2.vcxproj", "{BE221FA0-72CC-45FF-B1B4-CC109F4E3CCB}"
EndProject
Project("{8BC9CEB8-8B4A-11D0-8D11-00A0C91BC942}") = "ExPrep_3", "Fundamentals\ExamPrep\ExPrep_3\ExPrep_3.vcxproj", "{231813C9-4CC9-41AD-B1C6-E7A9E62A7690}"
EndProject
Project("{8BC9CEB8-8B4A-11D0-8D11-00A0C91BC942}") = "ExPrep_4", "Fundamentals\ExamPrep\ExPrep_4\ExPrep_4.vcxproj", "{27CE3D1E-B243-4719-9178-48F678473545}"
EndProject
Project("{8BC9CEB8-8B4A-11D0-8D11-00A0C91BC942}") = "Problem1", "Fundamentals\ExamPrep\Problem1\Problem1.vcxproj", "{AEC20086-ED77-494E-89A8-45391C19EAA5}"
EndProject
Project("{8BC9CEB8-8B4A-11D0-8D11-00A0C91BC942}") = "Problem2", "Fundamentals\ExamPrep\Problem2\Problem2.vcxproj", "{C3F73BE8-4B8D-4C78-B3A3-18CB203DD4FC}"
EndProject
Project("{8BC9CEB8-8B4A-11D0-8D11-00A0C91BC942}") = "Problem3", "Fundamentals\ExamPrep\Problem3\Problem3.vcxproj", "{F3C68B19-AA23-4314-B47D-600666FDB595}"
EndProject
Project("{8BC9CEB8-8B4A-11D0-8D11-00A0C91BC942}") = "Teory", "Fundamentals\ExamPrep\Teory\Teory.vcxproj", "{A74C5D7E-B0BA-4D74-9DC9-AE8D3B55CA51}"
EndProject
Project("{8BC9CEB8-8B4A-11D0-8D11-00A0C91BC942}") = "ClassesAndObjectsEx", "Fundamentals\ClassesAndObjectsExDemo\ClassesAndObjectsExDemo.vcxproj", "{A10DE821-3435-444F-83F3-DC469E6BC585}"
EndProject
Project("{8BC9CEB8-8B4A-11D0-8D11-00A0C91BC942}") = "ClassesAndObjects", "Fundamentals\ClassesDemos\ClassesDemos.vcxproj", "{0A3351AD-413D-40B0-885C-5FE5C88FC3F2}"
EndProject
Project("{8BC9CEB8-8B4A-11D0-8D11-00A0C91BC942}") = "FuncArrVectEx", "Fundamentals\FuncArrVectEx\FuncArrVectEx.vcxproj", "{997BB6AC-1EDF-450F-B1F7-4798E9D754AB}"
EndProject
Project("{8BC9CEB8-8B4A-11D0-8D11-00A0C91BC942}") = "FuncArrVectLAB", "Fundamentals\FuncArrVectLAB\FuncArrVectLAB.vcxproj", "{0EF3EF54-8E05-4B85-8EAA-C446D23F3A3D}"
EndProject
Project("{8BC9CEB8-8B4A-11D0-8D11-00A0C91BC942}") = "GreatestCommonDivisor", "Fundamentals\GreatestCommonDivisor\GreatestCommonDivisor.vcxproj", "{6BE6FE5A-CD0D-404F-97F2-9A9EF8E598BB}"
EndProject
Project("{8BC9CEB8-8B4A-11D0-8D11-00A0C91BC942}") = "LinearContainersEX", "Fundamentals\LinearContainersEX\LinearContainersEX.vcxproj", "{3B7325C6-63E6-48A0-A57E-EDE038F89311}"
EndProject
Project("{8BC9CEB8-8B4A-11D0-8D11-00A0C91BC942}") = "LinearContainersEx2", "Fundamentals\LinearContainersEx2\LinearContainersEx2.vcxproj", "{3287EEA9-A872-42E1-9237-EA12786C9724}"
EndProject
Project("{8BC9CEB8-8B4A-11D0-8D11-00A0C91BC942}") = "LinearContainersLAB", "Fundamentals\LinearContainersLAB\LinearContainersLAB.vcxproj", "{A5C391A9-7F61-4A16-B60C-6B5245529602}"
EndProject
Project("{8BC9CEB8-8B4A-11D0-8D11-00A0C91BC942}") = "ObjectsAndClassesEx", "Fundamentals\ObjectsAndClassesEx\ObjectsAndClassesEx.vcxproj", "{0DCFD2B9-DBF1-4093-A4E5-5714BF517128}"
EndProject
Project("{8BC9CEB8-8B4A-11D0-8D11-00A0C91BC942}") = "QuadraticEquation", "Fundamentals\QuadraticEquation\QuadraticEquation.vcxproj", "{3F988866-F0F6-4751-9AE5-70F1DC0F2DF6}"
EndProject
Project("{8BC9CEB8-8B4A-11D0-8D11-00A0C91BC942}") = "StingsAndStreamsEX", "Fundamentals\StingsAndStreamsEX\StingsAndStreamsEX.vcxproj", "{8F0EAADE-4F23-4157-A098-2F7EA839AC7E}"
EndProject
Project("{8BC9CEB8-8B4A-11D0-8D11-00A0C91BC942}") = "StingsAndStreamsLAB", "Fundamentals\StingsAndStreamsLAB\StingsAndStreamsLAB.vcxproj", "{6FBF638F-549D-4CC8-9FC4-2E8671D45EC9}"
EndProject
Project("{8BC9CEB8-8B4A-11D0-8D11-00A0C91BC942}") = "AssociativeContainers", "Fundamentals\StlAssociativeContainers\StlAssociativeContainers.vcxproj", "{B3F9DD2F-8BC8-4A69-B660-4087DE74844F}"
EndProject
Project("{8BC9CEB8-8B4A-11D0-8D11-00A0C91BC942}") = "StlContainesStringAndStreams", "Fundamentals\StlContainesStringAndStreams\StlContainesStringAndStreams.vcxproj", "{56EDE2C3-E036-45E7-8793-83D918956BA3}"
EndProject
Project("{8BC9CEB8-8B4A-11D0-8D11-00A0C91BC942}") = "FuncArreyVectors", "Fundamentals\StreamsStringsEx\StreamsStringsEx.vcxproj", "{A8EC8582-D11D-4385-B094-B376E616CEF8}"
EndProject
Global
	GlobalSection(SolutionConfigurationPlatforms) = preSolution
		Debug|Any CPU = Debug|Any CPU
		Debug|x64 = Debug|x64
		Debug|x86 = Debug|x86
		Release|Any CPU = Release|Any CPU
		Release|x64 = Release|x64
		Release|x86 = Release|x86
	EndGlobalSection
	GlobalSection(ProjectConfigurationPlatforms) = postSolution
		{B3EF0680-363D-49AC-B6DF-FFF6D4A682BB}.Debug|Any CPU.ActiveCfg = Debug|Win32
		{B3EF0680-363D-49AC-B6DF-FFF6D4A682BB}.Debug|x64.ActiveCfg = Debug|x64
		{B3EF0680-363D-49AC-B6DF-FFF6D4A682BB}.Debug|x64.Build.0 = Debug|x64
		{B3EF0680-363D-49AC-B6DF-FFF6D4A682BB}.Debug|x86.ActiveCfg = Debug|Win32
		{B3EF0680-363D-49AC-B6DF-FFF6D4A682BB}.Debug|x86.Build.0 = Debug|Win32
		{B3EF0680-363D-49AC-B6DF-FFF6D4A682BB}.Release|Any CPU.ActiveCfg = Release|Win32
		{B3EF0680-363D-49AC-B6DF-FFF6D4A682BB}.Release|x64.ActiveCfg = Release|x64
		{B3EF0680-363D-49AC-B6DF-FFF6D4A682BB}.Release|x64.Build.0 = Release|x64
		{B3EF0680-363D-49AC-B6DF-FFF6D4A682BB}.Release|x86.ActiveCfg = Release|Win32
		{B3EF0680-363D-49AC-B6DF-FFF6D4A682BB}.Release|x86.Build.0 = Release|Win32
		{FF54C14A-5AB4-411C-8C2D-D509BA3E19EB}.Debug|Any CPU.ActiveCfg = Debug|Win32
		{FF54C14A-5AB4-411C-8C2D-D509BA3E19EB}.Debug|x64.ActiveCfg = Debug|x64
		{FF54C14A-5AB4-411C-8C2D-D509BA3E19EB}.Debug|x64.Build.0 = Debug|x64
		{FF54C14A-5AB4-411C-8C2D-D509BA3E19EB}.Debug|x86.ActiveCfg = Debug|Win32
		{FF54C14A-5AB4-411C-8C2D-D509BA3E19EB}.Debug|x86.Build.0 = Debug|Win32
		{FF54C14A-5AB4-411C-8C2D-D509BA3E19EB}.Release|Any CPU.ActiveCfg = Release|Win32
		{FF54C14A-5AB4-411C-8C2D-D509BA3E19EB}.Release|x64.ActiveCfg = Release|x64
		{FF54C14A-5AB4-411C-8C2D-D509BA3E19EB}.Release|x64.Build.0 = Release|x64
		{FF54C14A-5AB4-411C-8C2D-D509BA3E19EB}.Release|x86.ActiveCfg = Release|Win32
		{FF54C14A-5AB4-411C-8C2D-D509BA3E19EB}.Release|x86.Build.0 = Release|Win32
		{F815124D-1957-4498-9EAC-3CDFA879EACB}.Debug|Any CPU.ActiveCfg = Debug|Win32
		{F815124D-1957-4498-9EAC-3CDFA879EACB}.Debug|x64.ActiveCfg = Debug|x64
		{F815124D-1957-4498-9EAC-3CDFA879EACB}.Debug|x64.Build.0 = Debug|x64
		{F815124D-1957-4498-9EAC-3CDFA879EACB}.Debug|x86.ActiveCfg = Debug|Win32
		{F815124D-1957-4498-9EAC-3CDFA879EACB}.Debug|x86.Build.0 = Debug|Win32
		{F815124D-1957-4498-9EAC-3CDFA879EACB}.Release|Any CPU.ActiveCfg = Release|Win32
		{F815124D-1957-4498-9EAC-3CDFA879EACB}.Release|x64.ActiveCfg = Release|x64
		{F815124D-1957-4498-9EAC-3CDFA879EACB}.Release|x64.Build.0 = Release|x64
		{F815124D-1957-4498-9EAC-3CDFA879EACB}.Release|x86.ActiveCfg = Release|Win32
		{F815124D-1957-4498-9EAC-3CDFA879EACB}.Release|x86.Build.0 = Release|Win32
		{72F6B417-DF8C-4788-B5A2-C58847D62706}.Debug|Any CPU.ActiveCfg = Debug|Win32
		{72F6B417-DF8C-4788-B5A2-C58847D62706}.Debug|x64.ActiveCfg = Debug|x64
		{72F6B417-DF8C-4788-B5A2-C58847D62706}.Debug|x64.Build.0 = Debug|x64
		{72F6B417-DF8C-4788-B5A2-C58847D62706}.Debug|x86.ActiveCfg = Debug|Win32
		{72F6B417-DF8C-4788-B5A2-C58847D62706}.Debug|x86.Build.0 = Debug|Win32
		{72F6B417-DF8C-4788-B5A2-C58847D62706}.Release|Any CPU.ActiveCfg = Release|Win32
		{72F6B417-DF8C-4788-B5A2-C58847D62706}.Release|x64.ActiveCfg = Release|x64
		{72F6B417-DF8C-4788-B5A2-C58847D62706}.Release|x64.Build.0 = Release|x64
		{72F6B417-DF8C-4788-B5A2-C58847D62706}.Release|x86.ActiveCfg = Release|Win32
		{72F6B417-DF8C-4788-B5A2-C58847D62706}.Release|x86.Build.0 = Release|Win32
		{755E199E-0CF7-4158-94FB-DB59BB0FA4EC}.Debug|Any CPU.ActiveCfg = Debug|Win32
		{755E199E-0CF7-4158-94FB-DB59BB0FA4EC}.Debug|x64.ActiveCfg = Debug|x64
		{755E199E-0CF7-4158-94FB-DB59BB0FA4EC}.Debug|x64.Build.0 = Debug|x64
		{755E199E-0CF7-4158-94FB-DB59BB0FA4EC}.Debug|x86.ActiveCfg = Debug|Win32
		{755E199E-0CF7-4158-94FB-DB59BB0FA4EC}.Debug|x86.Build.0 = Debug|Win32
		{755E199E-0CF7-4158-94FB-DB59BB0FA4EC}.Release|Any CPU.ActiveCfg = Release|Win32
		{755E199E-0CF7-4158-94FB-DB59BB0FA4EC}.Release|x64.ActiveCfg = Release|x64
		{755E199E-0CF7-4158-94FB-DB59BB0FA4EC}.Release|x64.Build.0 = Release|x64
		{755E199E-0CF7-4158-94FB-DB59BB0FA4EC}.Release|x86.ActiveCfg = Release|Win32
		{755E199E-0CF7-4158-94FB-DB59BB0FA4EC}.Release|x86.Build.0 = Release|Win32
		{C72B6FEF-CB80-49D0-934A-CACEE165BF58}.Debug|Any CPU.ActiveCfg = Debug|Win32
		{C72B6FEF-CB80-49D0-934A-CACEE165BF58}.Debug|x64.ActiveCfg = Debug|x64
		{C72B6FEF-CB80-49D0-934A-CACEE165BF58}.Debug|x64.Build.0 = Debug|x64
		{C72B6FEF-CB80-49D0-934A-CACEE165BF58}.Debug|x86.ActiveCfg = Debug|Win32
		{C72B6FEF-CB80-49D0-934A-CACEE165BF58}.Debug|x86.Build.0 = Debug|Win32
		{C72B6FEF-CB80-49D0-934A-CACEE165BF58}.Release|Any CPU.ActiveCfg = Release|Win32
		{C72B6FEF-CB80-49D0-934A-CACEE165BF58}.Release|x64.ActiveCfg = Release|x64
		{C72B6FEF-CB80-49D0-934A-CACEE165BF58}.Release|x64.Build.0 = Release|x64
		{C72B6FEF-CB80-49D0-934A-CACEE165BF58}.Release|x86.ActiveCfg = Release|Win32
		{C72B6FEF-CB80-49D0-934A-CACEE165BF58}.Release|x86.Build.0 = Release|Win32
		{9DFF2CDD-482D-42C9-A6BA-59ED96196CB5}.Debug|Any CPU.ActiveCfg = Debug|Win32
		{9DFF2CDD-482D-42C9-A6BA-59ED96196CB5}.Debug|x64.ActiveCfg = Debug|x64
		{9DFF2CDD-482D-42C9-A6BA-59ED96196CB5}.Debug|x64.Build.0 = Debug|x64
		{9DFF2CDD-482D-42C9-A6BA-59ED96196CB5}.Debug|x86.ActiveCfg = Debug|Win32
		{9DFF2CDD-482D-42C9-A6BA-59ED96196CB5}.Debug|x86.Build.0 = Debug|Win32
		{9DFF2CDD-482D-42C9-A6BA-59ED96196CB5}.Release|Any CPU.ActiveCfg = Release|Win32
		{9DFF2CDD-482D-42C9-A6BA-59ED96196CB5}.Release|x64.ActiveCfg = Release|x64
		{9DFF2CDD-482D-42C9-A6BA-59ED96196CB5}.Release|x64.Build.0 = Release|x64
		{9DFF2CDD-482D-42C9-A6BA-59ED96196CB5}.Release|x86.ActiveCfg = Release|Win32
		{9DFF2CDD-482D-42C9-A6BA-59ED96196CB5}.Release|x86.Build.0 = Release|Win32
		{98A7B3D2-4B7E-4AAF-BE4B-51FC36726C49}.Debug|Any CPU.ActiveCfg = Debug|Win32
		{98A7B3D2-4B7E-4AAF-BE4B-51FC36726C49}.Debug|x64.ActiveCfg = Debug|x64
		{98A7B3D2-4B7E-4AAF-BE4B-51FC36726C49}.Debug|x64.Build.0 = Debug|x64
		{98A7B3D2-4B7E-4AAF-BE4B-51FC36726C49}.Debug|x86.ActiveCfg = Debug|Win32
		{98A7B3D2-4B7E-4AAF-BE4B-51FC36726C49}.Debug|x86.Build.0 = Debug|Win32
		{98A7B3D2-4B7E-4AAF-BE4B-51FC36726C49}.Release|Any CPU.ActiveCfg = Release|Win32
		{98A7B3D2-4B7E-4AAF-BE4B-51FC36726C49}.Release|x64.ActiveCfg = Release|x64
		{98A7B3D2-4B7E-4AAF-BE4B-51FC36726C49}.Release|x64.Build.0 = Release|x64
		{98A7B3D2-4B7E-4AAF-BE4B-51FC36726C49}.Release|x86.ActiveCfg = Release|Win32
		{98A7B3D2-4B7E-4AAF-BE4B-51FC36726C49}.Release|x86.Build.0 = Release|Win32
		{7ED41075-EAB1-4247-8D5B-CEEE0244BC26}.Debug|Any CPU.ActiveCfg = Debug|Win32
		{7ED41075-EAB1-4247-8D5B-CEEE0244BC26}.Debug|x64.ActiveCfg = Debug|x64
		{7ED41075-EAB1-4247-8D5B-CEEE0244BC26}.Debug|x64.Build.0 = Debug|x64
		{7ED41075-EAB1-4247-8D5B-CEEE0244BC26}.Debug|x86.ActiveCfg = Debug|Win32
		{7ED41075-EAB1-4247-8D5B-CEEE0244BC26}.Debug|x86.Build.0 = Debug|Win32
		{7ED41075-EAB1-4247-8D5B-CEEE0244BC26}.Release|Any CPU.ActiveCfg = Release|Win32
		{7ED41075-EAB1-4247-8D5B-CEEE0244BC26}.Release|x64.ActiveCfg = Release|x64
		{7ED41075-EAB1-4247-8D5B-CEEE0244BC26}.Release|x64.Build.0 = Release|x64
		{7ED41075-EAB1-4247-8D5B-CEEE0244BC26}.Release|x86.ActiveCfg = Release|Win32
		{7ED41075-EAB1-4247-8D5B-CEEE0244BC26}.Release|x86.Build.0 = Release|Win32
		{63A92309-B284-45E5-AF3E-CC9EE1E4F9BC}.Debug|Any CPU.ActiveCfg = Debug|Win32
		{63A92309-B284-45E5-AF3E-CC9EE1E4F9BC}.Debug|x64.ActiveCfg = Debug|x64
		{63A92309-B284-45E5-AF3E-CC9EE1E4F9BC}.Debug|x64.Build.0 = Debug|x64
		{63A92309-B284-45E5-AF3E-CC9EE1E4F9BC}.Debug|x86.ActiveCfg = Debug|Win32
		{63A92309-B284-45E5-AF3E-CC9EE1E4F9BC}.Debug|x86.Build.0 = Debug|Win32
		{63A92309-B284-45E5-AF3E-CC9EE1E4F9BC}.Release|Any CPU.ActiveCfg = Release|Win32
		{63A92309-B284-45E5-AF3E-CC9EE1E4F9BC}.Release|x64.ActiveCfg = Release|x64
		{63A92309-B284-45E5-AF3E-CC9EE1E4F9BC}.Release|x64.Build.0 = Release|x64
		{63A92309-B284-45E5-AF3E-CC9EE1E4F9BC}.Release|x86.ActiveCfg = Release|Win32
		{63A92309-B284-45E5-AF3E-CC9EE1E4F9BC}.Release|x86.Build.0 = Release|Win32
		{33C5514F-F875-47D0-9AC0-345578B91792}.Debug|Any CPU.ActiveCfg = Debug|Win32
		{33C5514F-F875-47D0-9AC0-345578B91792}.Debug|x64.ActiveCfg = Debug|x64
		{33C5514F-F875-47D0-9AC0-345578B91792}.Debug|x64.Build.0 = Debug|x64
		{33C5514F-F875-47D0-9AC0-345578B91792}.Debug|x86.ActiveCfg = Debug|Win32
		{33C5514F-F875-47D0-9AC0-345578B91792}.Debug|x86.Build.0 = Debug|Win32
		{33C5514F-F875-47D0-9AC0-345578B91792}.Release|Any CPU.ActiveCfg = Release|Win32
		{33C5514F-F875-47D0-9AC0-345578B91792}.Release|x64.ActiveCfg = Release|x64
		{33C5514F-F875-47D0-9AC0-345578B91792}.Release|x64.Build.0 = Release|x64
		{33C5514F-F875-47D0-9AC0-345578B91792}.Release|x86.ActiveCfg = Release|Win32
		{33C5514F-F875-47D0-9AC0-345578B91792}.Release|x86.Build.0 = Release|Win32
		{881A57A0-B827-49BD-ADFD-7026BAA56D07}.Debug|Any CPU.ActiveCfg = Debug|Win32
		{881A57A0-B827-49BD-ADFD-7026BAA56D07}.Debug|x64.ActiveCfg = Debug|x64
		{881A57A0-B827-49BD-ADFD-7026BAA56D07}.Debug|x64.Build.0 = Debug|x64
		{881A57A0-B827-49BD-ADFD-7026BAA56D07}.Debug|x86.ActiveCfg = Debug|Win32
		{881A57A0-B827-49BD-ADFD-7026BAA56D07}.Debug|x86.Build.0 = Debug|Win32
		{881A57A0-B827-49BD-ADFD-7026BAA56D07}.Release|Any CPU.ActiveCfg = Release|Win32
		{881A57A0-B827-49BD-ADFD-7026BAA56D07}.Release|x64.ActiveCfg = Release|x64
		{881A57A0-B827-49BD-ADFD-7026BAA56D07}.Release|x64.Build.0 = Release|x64
		{881A57A0-B827-49BD-ADFD-7026BAA56D07}.Release|x86.ActiveCfg = Release|Win32
		{881A57A0-B827-49BD-ADFD-7026BAA56D07}.Release|x86.Build.0 = Release|Win32
		{910762DC-6C83-498C-BE86-E82B78E3B6CF}.Debug|Any CPU.ActiveCfg = Debug|Win32
		{910762DC-6C83-498C-BE86-E82B78E3B6CF}.Debug|x64.ActiveCfg = Debug|x64
		{910762DC-6C83-498C-BE86-E82B78E3B6CF}.Debug|x64.Build.0 = Debug|x64
		{910762DC-6C83-498C-BE86-E82B78E3B6CF}.Debug|x86.ActiveCfg = Debug|Win32
		{910762DC-6C83-498C-BE86-E82B78E3B6CF}.Debug|x86.Build.0 = Debug|Win32
		{910762DC-6C83-498C-BE86-E82B78E3B6CF}.Release|Any CPU.ActiveCfg = Release|Win32
		{910762DC-6C83-498C-BE86-E82B78E3B6CF}.Release|x64.ActiveCfg = Release|x64
		{910762DC-6C83-498C-BE86-E82B78E3B6CF}.Release|x64.Build.0 = Release|x64
		{910762DC-6C83-498C-BE86-E82B78E3B6CF}.Release|x86.ActiveCfg = Release|Win32
		{910762DC-6C83-498C-BE86-E82B78E3B6CF}.Release|x86.Build.0 = Release|Win32
		{3D3D5727-225F-49A4-965A-53810D45B636}.Debug|Any CPU.ActiveCfg = Debug|Win32
		{3D3D5727-225F-49A4-965A-53810D45B636}.Debug|x64.ActiveCfg = Debug|x64
		{3D3D5727-225F-49A4-965A-53810D45B636}.Debug|x64.Build.0 = Debug|x64
		{3D3D5727-225F-49A4-965A-53810D45B636}.Debug|x86.ActiveCfg = Debug|Win32
		{3D3D5727-225F-49A4-965A-53810D45B636}.Debug|x86.Build.0 = Debug|Win32
		{3D3D5727-225F-49A4-965A-53810D45B636}.Release|Any CPU.ActiveCfg = Release|Win32
		{3D3D5727-225F-49A4-965A-53810D45B636}.Release|x64.ActiveCfg = Release|x64
		{3D3D5727-225F-49A4-965A-53810D45B636}.Release|x64.Build.0 = Release|x64
		{3D3D5727-225F-49A4-965A-53810D45B636}.Release|x86.ActiveCfg = Release|Win32
		{3D3D5727-225F-49A4-965A-53810D45B636}.Release|x86.Build.0 = Release|Win32
		{5661A6AF-7E40-4EF9-A823-11DBCFF70CA8}.Debug|Any CPU.ActiveCfg = Debug|Win32
		{5661A6AF-7E40-4EF9-A823-11DBCFF70CA8}.Debug|x64.ActiveCfg = Debug|x64
		{5661A6AF-7E40-4EF9-A823-11DBCFF70CA8}.Debug|x64.Build.0 = Debug|x64
		{5661A6AF-7E40-4EF9-A823-11DBCFF70CA8}.Debug|x86.ActiveCfg = Debug|Win32
		{5661A6AF-7E40-4EF9-A823-11DBCFF70CA8}.Debug|x86.Build.0 = Debug|Win32
		{5661A6AF-7E40-4EF9-A823-11DBCFF70CA8}.Release|Any CPU.ActiveCfg = Release|Win32
		{5661A6AF-7E40-4EF9-A823-11DBCFF70CA8}.Release|x64.ActiveCfg = Release|x64
		{5661A6AF-7E40-4EF9-A823-11DBCFF70CA8}.Release|x64.Build.0 = Release|x64
		{5661A6AF-7E40-4EF9-A823-11DBCFF70CA8}.Release|x86.ActiveCfg = Release|Win32
		{5661A6AF-7E40-4EF9-A823-11DBCFF70CA8}.Release|x86.Build.0 = Release|Win32
		{0E163855-7FF2-46ED-961E-D1826F7D1EAD}.Debug|Any CPU.ActiveCfg = Debug|Win32
		{0E163855-7FF2-46ED-961E-D1826F7D1EAD}.Debug|x64.ActiveCfg = Debug|x64
		{0E163855-7FF2-46ED-961E-D1826F7D1EAD}.Debug|x64.Build.0 = Debug|x64
		{0E163855-7FF2-46ED-961E-D1826F7D1EAD}.Debug|x86.ActiveCfg = Debug|Win32
		{0E163855-7FF2-46ED-961E-D1826F7D1EAD}.Debug|x86.Build.0 = Debug|Win32
		{0E163855-7FF2-46ED-961E-D1826F7D1EAD}.Release|Any CPU.ActiveCfg = Release|Win32
		{0E163855-7FF2-46ED-961E-D1826F7D1EAD}.Release|x64.ActiveCfg = Release|x64
		{0E163855-7FF2-46ED-961E-D1826F7D1EAD}.Release|x64.Build.0 = Release|x64
		{0E163855-7FF2-46ED-961E-D1826F7D1EAD}.Release|x86.ActiveCfg = Release|Win32
		{0E163855-7FF2-46ED-961E-D1826F7D1EAD}.Release|x86.Build.0 = Release|Win32
		{BE221FA0-72CC-45FF-B1B4-CC109F4E3CCB}.Debug|Any CPU.ActiveCfg = Debug|Win32
		{BE221FA0-72CC-45FF-B1B4-CC109F4E3CCB}.Debug|x64.ActiveCfg = Debug|x64
		{BE221FA0-72CC-45FF-B1B4-CC109F4E3CCB}.Debug|x64.Build.0 = Debug|x64
		{BE221FA0-72CC-45FF-B1B4-CC109F4E3CCB}.Debug|x86.ActiveCfg = Debug|Win32
		{BE221FA0-72CC-45FF-B1B4-CC109F4E3CCB}.Debug|x86.Build.0 = Debug|Win32
		{BE221FA0-72CC-45FF-B1B4-CC109F4E3CCB}.Release|Any CPU.ActiveCfg = Release|Win32
		{BE221FA0-72CC-45FF-B1B4-CC109F4E3CCB}.Release|x64.ActiveCfg = Release|x64
		{BE221FA0-72CC-45FF-B1B4-CC109F4E3CCB}.Release|x64.Build.0 = Release|x64
		{BE221FA0-72CC-45FF-B1B4-CC109F4E3CCB}.Release|x86.ActiveCfg = Release|Win32
		{BE221FA0-72CC-45FF-B1B4-CC109F4E3CCB}.Release|x86.Build.0 = Release|Win32
		{231813C9-4CC9-41AD-B1C6-E7A9E62A7690}.Debug|Any CPU.ActiveCfg = Debug|Win32
		{231813C9-4CC9-41AD-B1C6-E7A9E62A7690}.Debug|x64.ActiveCfg = Debug|x64
		{231813C9-4CC9-41AD-B1C6-E7A9E62A7690}.Debug|x64.Build.0 = Debug|x64
		{231813C9-4CC9-41AD-B1C6-E7A9E62A7690}.Debug|x86.ActiveCfg = Debug|Win32
		{231813C9-4CC9-41AD-B1C6-E7A9E62A7690}.Debug|x86.Build.0 = Debug|Win32
		{231813C9-4CC9-41AD-B1C6-E7A9E62A7690}.Release|Any CPU.ActiveCfg = Release|Win32
		{231813C9-4CC9-41AD-B1C6-E7A9E62A7690}.Release|x64.ActiveCfg = Release|x64
		{231813C9-4CC9-41AD-B1C6-E7A9E62A7690}.Release|x64.Build.0 = Release|x64
		{231813C9-4CC9-41AD-B1C6-E7A9E62A7690}.Release|x86.ActiveCfg = Release|Win32
		{231813C9-4CC9-41AD-B1C6-E7A9E62A7690}.Release|x86.Build.0 = Release|Win32
		{27CE3D1E-B243-4719-9178-48F678473545}.Debug|Any CPU.ActiveCfg = Debug|Win32
		{27CE3D1E-B243-4719-9178-48F678473545}.Debug|x64.ActiveCfg = Debug|x64
		{27CE3D1E-B243-4719-9178-48F678473545}.Debug|x64.Build.0 = Debug|x64
		{27CE3D1E-B243-4719-9178-48F678473545}.Debug|x86.ActiveCfg = Debug|Win32
		{27CE3D1E-B243-4719-9178-48F678473545}.Debug|x86.Build.0 = Debug|Win32
		{27CE3D1E-B243-4719-9178-48F678473545}.Release|Any CPU.ActiveCfg = Release|Win32
		{27CE3D1E-B243-4719-9178-48F678473545}.Release|x64.ActiveCfg = Release|x64
		{27CE3D1E-B243-4719-9178-48F678473545}.Release|x64.Build.0 = Release|x64
		{27CE3D1E-B243-4719-9178-48F678473545}.Release|x86.ActiveCfg = Release|Win32
		{27CE3D1E-B243-4719-9178-48F678473545}.Release|x86.Build.0 = Release|Win32
		{AEC20086-ED77-494E-89A8-45391C19EAA5}.Debug|Any CPU.ActiveCfg = Debug|Win32
		{AEC20086-ED77-494E-89A8-45391C19EAA5}.Debug|x64.ActiveCfg = Debug|x64
		{AEC20086-ED77-494E-89A8-45391C19EAA5}.Debug|x64.Build.0 = Debug|x64
		{AEC20086-ED77-494E-89A8-45391C19EAA5}.Debug|x86.ActiveCfg = Debug|Win32
		{AEC20086-ED77-494E-89A8-45391C19EAA5}.Debug|x86.Build.0 = Debug|Win32
		{AEC20086-ED77-494E-89A8-45391C19EAA5}.Release|Any CPU.ActiveCfg = Release|Win32
		{AEC20086-ED77-494E-89A8-45391C19EAA5}.Release|x64.ActiveCfg = Release|x64
		{AEC20086-ED77-494E-89A8-45391C19EAA5}.Release|x64.Build.0 = Release|x64
		{AEC20086-ED77-494E-89A8-45391C19EAA5}.Release|x86.ActiveCfg = Release|Win32
		{AEC20086-ED77-494E-89A8-45391C19EAA5}.Release|x86.Build.0 = Release|Win32
		{C3F73BE8-4B8D-4C78-B3A3-18CB203DD4FC}.Debug|Any CPU.ActiveCfg = Debug|Win32
		{C3F73BE8-4B8D-4C78-B3A3-18CB203DD4FC}.Debug|x64.ActiveCfg = Debug|x64
		{C3F73BE8-4B8D-4C78-B3A3-18CB203DD4FC}.Debug|x64.Build.0 = Debug|x64
		{C3F73BE8-4B8D-4C78-B3A3-18CB203DD4FC}.Debug|x86.ActiveCfg = Debug|Win32
		{C3F73BE8-4B8D-4C78-B3A3-18CB203DD4FC}.Debug|x86.Build.0 = Debug|Win32
		{C3F73BE8-4B8D-4C78-B3A3-18CB203DD4FC}.Release|Any CPU.ActiveCfg = Release|Win32
		{C3F73BE8-4B8D-4C78-B3A3-18CB203DD4FC}.Release|x64.ActiveCfg = Release|x64
		{C3F73BE8-4B8D-4C78-B3A3-18CB203DD4FC}.Release|x64.Build.0 = Release|x64
		{C3F73BE8-4B8D-4C78-B3A3-18CB203DD4FC}.Release|x86.ActiveCfg = Release|Win32
		{C3F73BE8-4B8D-4C78-B3A3-18CB203DD4FC}.Release|x86.Build.0 = Release|Win32
		{F3C68B19-AA23-4314-B47D-600666FDB595}.Debug|Any CPU.ActiveCfg = Debug|Win32
		{F3C68B19-AA23-4314-B47D-600666FDB595}.Debug|x64.ActiveCfg = Debug|x64
		{F3C68B19-AA23-4314-B47D-600666FDB595}.Debug|x64.Build.0 = Debug|x64
		{F3C68B19-AA23-4314-B47D-600666FDB595}.Debug|x86.ActiveCfg = Debug|Win32
		{F3C68B19-AA23-4314-B47D-600666FDB595}.Debug|x86.Build.0 = Debug|Win32
		{F3C68B19-AA23-4314-B47D-600666FDB595}.Release|Any CPU.ActiveCfg = Release|Win32
		{F3C68B19-AA23-4314-B47D-600666FDB595}.Release|x64.ActiveCfg = Release|x64
		{F3C68B19-AA23-4314-B47D-600666FDB595}.Release|x64.Build.0 = Release|x64
		{F3C68B19-AA23-4314-B47D-600666FDB595}.Release|x86.ActiveCfg = Release|Win32
		{F3C68B19-AA23-4314-B47D-600666FDB595}.Release|x86.Build.0 = Release|Win32
		{A74C5D7E-B0BA-4D74-9DC9-AE8D3B55CA51}.Debug|Any CPU.ActiveCfg = Debug|Win32
		{A74C5D7E-B0BA-4D74-9DC9-AE8D3B55CA51}.Debug|x64.ActiveCfg = Debug|x64
		{A74C5D7E-B0BA-4D74-9DC9-AE8D3B55CA51}.Debug|x64.Build.0 = Debug|x64
		{A74C5D7E-B0BA-4D74-9DC9-AE8D3B55CA51}.Debug|x86.ActiveCfg = Debug|Win32
		{A74C5D7E-B0BA-4D74-9DC9-AE8D3B55CA51}.Debug|x86.Build.0 = Debug|Win32
		{A74C5D7E-B0BA-4D74-9DC9-AE8D3B55CA51}.Release|Any CPU.ActiveCfg = Release|Win32
		{A74C5D7E-B0BA-4D74-9DC9-AE8D3B55CA51}.Release|x64.ActiveCfg = Release|x64
		{A74C5D7E-B0BA-4D74-9DC9-AE8D3B55CA51}.Release|x64.Build.0 = Release|x64
		{A74C5D7E-B0BA-4D74-9DC9-AE8D3B55CA51}.Release|x86.ActiveCfg = Release|Win32
		{A74C5D7E-B0BA-4D74-9DC9-AE8D3B55CA51}.Release|x86.Build.0 = Release|Win32
		{A10DE821-3435-444F-83F3-DC469E6BC585}.Debug|Any CPU.ActiveCfg = Debug|Win32
		{A10DE821-3435-444F-83F3-DC469E6BC585}.Debug|x64.ActiveCfg = Debug|x64
		{A10DE821-3435-444F-83F3-DC469E6BC585}.Debug|x64.Build.0 = Debug|x64
		{A10DE821-3435-444F-83F3-DC469E6BC585}.Debug|x86.ActiveCfg = Debug|Win32
		{A10DE821-3435-444F-83F3-DC469E6BC585}.Debug|x86.Build.0 = Debug|Win32
		{A10DE821-3435-444F-83F3-DC469E6BC585}.Release|Any CPU.ActiveCfg = Release|Win32
		{A10DE821-3435-444F-83F3-DC469E6BC585}.Release|x64.ActiveCfg = Release|x64
		{A10DE821-3435-444F-83F3-DC469E6BC585}.Release|x64.Build.0 = Release|x64
		{A10DE821-3435-444F-83F3-DC469E6BC585}.Release|x86.ActiveCfg = Release|Win32
		{A10DE821-3435-444F-83F3-DC469E6BC585}.Release|x86.Build.0 = Release|Win32
		{0A3351AD-413D-40B0-885C-5FE5C88FC3F2}.Debug|Any CPU.ActiveCfg = Debug|Win32
		{0A3351AD-413D-40B0-885C-5FE5C88FC3F2}.Debug|x64.ActiveCfg = Debug|x64
		{0A3351AD-413D-40B0-885C-5FE5C88FC3F2}.Debug|x64.Build.0 = Debug|x64
		{0A3351AD-413D-40B0-885C-5FE5C88FC3F2}.Debug|x86.ActiveCfg = Debug|Win32
		{0A3351AD-413D-40B0-885C-5FE5C88FC3F2}.Debug|x86.Build.0 = Debug|Win32
		{0A3351AD-413D-40B0-885C-5FE5C88FC3F2}.Release|Any CPU.ActiveCfg = Release|Win32
		{0A3351AD-413D-40B0-885C-5FE5C88FC3F2}.Release|x64.ActiveCfg = Release|x64
		{0A3351AD-413D-40B0-885C-5FE5C88FC3F2}.Release|x64.Build.0 = Release|x64
		{0A3351AD-413D-40B0-885C-5FE5C88FC3F2}.Release|x86.ActiveCfg = Release|Win32
		{0A3351AD-413D-40B0-885C-5FE5C88FC3F2}.Release|x86.Build.0 = Release|Win32
		{997BB6AC-1EDF-450F-B1F7-4798E9D754AB}.Debug|Any CPU.ActiveCfg = Debug|Win32
		{997BB6AC-1EDF-450F-B1F7-4798E9D754AB}.Debug|x64.ActiveCfg = Debug|x64
		{997BB6AC-1EDF-450F-B1F7-4798E9D754AB}.Debug|x64.Build.0 = Debug|x64
		{997BB6AC-1EDF-450F-B1F7-4798E9D754AB}.Debug|x86.ActiveCfg = Debug|Win32
		{997BB6AC-1EDF-450F-B1F7-4798E9D754AB}.Debug|x86.Build.0 = Debug|Win32
		{997BB6AC-1EDF-450F-B1F7-4798E9D754AB}.Release|Any CPU.ActiveCfg = Release|Win32
		{997BB6AC-1EDF-450F-B1F7-4798E9D754AB}.Release|x64.ActiveCfg = Release|x64
		{997BB6AC-1EDF-450F-B1F7-4798E9D754AB}.Release|x64.Build.0 = Release|x64
		{997BB6AC-1EDF-450F-B1F7-4798E9D754AB}.Release|x86.ActiveCfg = Release|Win32
		{997BB6AC-1EDF-450F-B1F7-4798E9D754AB}.Release|x86.Build.0 = Release|Win32
		{0EF3EF54-8E05-4B85-8EAA-C446D23F3A3D}.Debug|Any CPU.ActiveCfg = Debug|Win32
		{0EF3EF54-8E05-4B85-8EAA-C446D23F3A3D}.Debug|x64.ActiveCfg = Debug|x64
		{0EF3EF54-8E05-4B85-8EAA-C446D23F3A3D}.Debug|x64.Build.0 = Debug|x64
		{0EF3EF54-8E05-4B85-8EAA-C446D23F3A3D}.Debug|x86.ActiveCfg = Debug|Win32
		{0EF3EF54-8E05-4B85-8EAA-C446D23F3A3D}.Debug|x86.Build.0 = Debug|Win32
		{0EF3EF54-8E05-4B85-8EAA-C446D23F3A3D}.Release|Any CPU.ActiveCfg = Release|Win32
		{0EF3EF54-8E05-4B85-8EAA-C446D23F3A3D}.Release|x64.ActiveCfg = Release|x64
		{0EF3EF54-8E05-4B85-8EAA-C446D23F3A3D}.Release|x64.Build.0 = Release|x64
		{0EF3EF54-8E05-4B85-8EAA-C446D23F3A3D}.Release|x86.ActiveCfg = Release|Win32
		{0EF3EF54-8E05-4B85-8EAA-C446D23F3A3D}.Release|x86.Build.0 = Release|Win32
		{6BE6FE5A-CD0D-404F-97F2-9A9EF8E598BB}.Debug|Any CPU.ActiveCfg = Debug|Win32
		{6BE6FE5A-CD0D-404F-97F2-9A9EF8E598BB}.Debug|x64.ActiveCfg = Debug|x64
		{6BE6FE5A-CD0D-404F-97F2-9A9EF8E598BB}.Debug|x64.Build.0 = Debug|x64
		{6BE6FE5A-CD0D-404F-97F2-9A9EF8E598BB}.Debug|x86.ActiveCfg = Debug|Win32
		{6BE6FE5A-CD0D-404F-97F2-9A9EF8E598BB}.Debug|x86.Build.0 = Debug|Win32
		{6BE6FE5A-CD0D-404F-97F2-9A9EF8E598BB}.Release|Any CPU.ActiveCfg = Release|Win32
		{6BE6FE5A-CD0D-404F-97F2-9A9EF8E598BB}.Release|x64.ActiveCfg = Release|x64
		{6BE6FE5A-CD0D-404F-97F2-9A9EF8E598BB}.Release|x64.Build.0 = Release|x64
		{6BE6FE5A-CD0D-404F-97F2-9A9EF8E598BB}.Release|x86.ActiveCfg = Release|Win32
		{6BE6FE5A-CD0D-404F-97F2-9A9EF8E598BB}.Release|x86.Build.0 = Release|Win32
		{3B7325C6-63E6-48A0-A57E-EDE038F89311}.Debug|Any CPU.ActiveCfg = Debug|Win32
		{3B7325C6-63E6-48A0-A57E-EDE038F89311}.Debug|x64.ActiveCfg = Debug|x64
		{3B7325C6-63E6-48A0-A57E-EDE038F89311}.Debug|x64.Build.0 = Debug|x64
		{3B7325C6-63E6-48A0-A57E-EDE038F89311}.Debug|x86.ActiveCfg = Debug|Win32
		{3B7325C6-63E6-48A0-A57E-EDE038F89311}.Debug|x86.Build.0 = Debug|Win32
		{3B7325C6-63E6-48A0-A57E-EDE038F89311}.Release|Any CPU.ActiveCfg = Release|Win32
		{3B7325C6-63E6-48A0-A57E-EDE038F89311}.Release|x64.ActiveCfg = Release|x64
		{3B7325C6-63E6-48A0-A57E-EDE038F89311}.Release|x64.Build.0 = Release|x64
		{3B7325C6-63E6-48A0-A57E-EDE038F89311}.Release|x86.ActiveCfg = Release|Win32
		{3B7325C6-63E6-48A0-A57E-EDE038F89311}.Release|x86.Build.0 = Release|Win32
		{3287EEA9-A872-42E1-9237-EA12786C9724}.Debug|Any CPU.ActiveCfg = Debug|Win32
		{3287EEA9-A872-42E1-9237-EA12786C9724}.Debug|x64.ActiveCfg = Debug|x64
		{3287EEA9-A872-42E1-9237-EA12786C9724}.Debug|x64.Build.0 = Debug|x64
		{3287EEA9-A872-42E1-9237-EA12786C9724}.Debug|x86.ActiveCfg = Debug|Win32
		{3287EEA9-A872-42E1-9237-EA12786C9724}.Debug|x86.Build.0 = Debug|Win32
		{3287EEA9-A872-42E1-9237-EA12786C9724}.Release|Any CPU.ActiveCfg = Release|Win32
		{3287EEA9-A872-42E1-9237-EA12786C9724}.Release|x64.ActiveCfg = Release|x64
		{3287EEA9-A872-42E1-9237-EA12786C9724}.Release|x64.Build.0 = Release|x64
		{3287EEA9-A872-42E1-9237-EA12786C9724}.Release|x86.ActiveCfg = Release|Win32
		{3287EEA9-A872-42E1-9237-EA12786C9724}.Release|x86.Build.0 = Release|Win32
		{A5C391A9-7F61-4A16-B60C-6B5245529602}.Debug|Any CPU.ActiveCfg = Debug|Win32
		{A5C391A9-7F61-4A16-B60C-6B5245529602}.Debug|x64.ActiveCfg = Debug|x64
		{A5C391A9-7F61-4A16-B60C-6B5245529602}.Debug|x64.Build.0 = Debug|x64
		{A5C391A9-7F61-4A16-B60C-6B5245529602}.Debug|x86.ActiveCfg = Debug|Win32
		{A5C391A9-7F61-4A16-B60C-6B5245529602}.Debug|x86.Build.0 = Debug|Win32
		{A5C391A9-7F61-4A16-B60C-6B5245529602}.Release|Any CPU.ActiveCfg = Release|Win32
		{A5C391A9-7F61-4A16-B60C-6B5245529602}.Release|x64.ActiveCfg = Release|x64
		{A5C391A9-7F61-4A16-B60C-6B5245529602}.Release|x64.Build.0 = Release|x64
		{A5C391A9-7F61-4A16-B60C-6B5245529602}.Release|x86.ActiveCfg = Release|Win32
		{A5C391A9-7F61-4A16-B60C-6B5245529602}.Release|x86.Build.0 = Release|Win32
		{0DCFD2B9-DBF1-4093-A4E5-5714BF517128}.Debug|Any CPU.ActiveCfg = Debug|Win32
		{0DCFD2B9-DBF1-4093-A4E5-5714BF517128}.Debug|x64.ActiveCfg = Debug|x64
		{0DCFD2B9-DBF1-4093-A4E5-5714BF517128}.Debug|x64.Build.0 = Debug|x64
		{0DCFD2B9-DBF1-4093-A4E5-5714BF517128}.Debug|x86.ActiveCfg = Debug|Win32
		{0DCFD2B9-DBF1-4093-A4E5-5714BF517128}.Debug|x86.Build.0 = Debug|Win32
		{0DCFD2B9-DBF1-4093-A4E5-5714BF517128}.Release|Any CPU.ActiveCfg = Release|Win32
		{0DCFD2B9-DBF1-4093-A4E5-5714BF517128}.Release|x64.ActiveCfg = Release|x64
		{0DCFD2B9-DBF1-4093-A4E5-5714BF517128}.Release|x64.Build.0 = Release|x64
		{0DCFD2B9-DBF1-4093-A4E5-5714BF517128}.Release|x86.ActiveCfg = Release|Win32
		{0DCFD2B9-DBF1-4093-A4E5-5714BF517128}.Release|x86.Build.0 = Release|Win32
		{3F988866-F0F6-4751-9AE5-70F1DC0F2DF6}.Debug|Any CPU.ActiveCfg = Debug|Win32
		{3F988866-F0F6-4751-9AE5-70F1DC0F2DF6}.Debug|x64.ActiveCfg = Debug|x64
		{3F988866-F0F6-4751-9AE5-70F1DC0F2DF6}.Debug|x64.Build.0 = Debug|x64
		{3F988866-F0F6-4751-9AE5-70F1DC0F2DF6}.Debug|x86.ActiveCfg = Debug|Win32
		{3F988866-F0F6-4751-9AE5-70F1DC0F2DF6}.Debug|x86.Build.0 = Debug|Win32
		{3F988866-F0F6-4751-9AE5-70F1DC0F2DF6}.Release|Any CPU.ActiveCfg = Release|Win32
		{3F988866-F0F6-4751-9AE5-70F1DC0F2DF6}.Release|x64.ActiveCfg = Release|x64
		{3F988866-F0F6-4751-9AE5-70F1DC0F2DF6}.Release|x64.Build.0 = Release|x64
		{3F988866-F0F6-4751-9AE5-70F1DC0F2DF6}.Release|x86.ActiveCfg = Release|Win32
		{3F988866-F0F6-4751-9AE5-70F1DC0F2DF6}.Release|x86.Build.0 = Release|Win32
		{8F0EAADE-4F23-4157-A098-2F7EA839AC7E}.Debug|Any CPU.ActiveCfg = Debug|Win32
		{8F0EAADE-4F23-4157-A098-2F7EA839AC7E}.Debug|x64.ActiveCfg = Debug|x64
		{8F0EAADE-4F23-4157-A098-2F7EA839AC7E}.Debug|x64.Build.0 = Debug|x64
		{8F0EAADE-4F23-4157-A098-2F7EA839AC7E}.Debug|x86.ActiveCfg = Debug|Win32
		{8F0EAADE-4F23-4157-A098-2F7EA839AC7E}.Debug|x86.Build.0 = Debug|Win32
		{8F0EAADE-4F23-4157-A098-2F7EA839AC7E}.Release|Any CPU.ActiveCfg = Release|Win32
		{8F0EAADE-4F23-4157-A098-2F7EA839AC7E}.Release|x64.ActiveCfg = Release|x64
		{8F0EAADE-4F23-4157-A098-2F7EA839AC7E}.Release|x64.Build.0 = Release|x64
		{8F0EAADE-4F23-4157-A098-2F7EA839AC7E}.Release|x86.ActiveCfg = Release|Win32
		{8F0EAADE-4F23-4157-A098-2F7EA839AC7E}.Release|x86.Build.0 = Release|Win32
		{6FBF638F-549D-4CC8-9FC4-2E8671D45EC9}.Debug|Any CPU.ActiveCfg = Debug|Win32
		{6FBF638F-549D-4CC8-9FC4-2E8671D45EC9}.Debug|x64.ActiveCfg = Debug|x64
		{6FBF638F-549D-4CC8-9FC4-2E8671D45EC9}.Debug|x64.Build.0 = Debug|x64
		{6FBF638F-549D-4CC8-9FC4-2E8671D45EC9}.Debug|x86.ActiveCfg = Debug|Win32
		{6FBF638F-549D-4CC8-9FC4-2E8671D45EC9}.Debug|x86.Build.0 = Debug|Win32
		{6FBF638F-549D-4CC8-9FC4-2E8671D45EC9}.Release|Any CPU.ActiveCfg = Release|Win32
		{6FBF638F-549D-4CC8-9FC4-2E8671D45EC9}.Release|x64.ActiveCfg = Release|x64
		{6FBF638F-549D-4CC8-9FC4-2E8671D45EC9}.Release|x64.Build.0 = Release|x64
		{6FBF638F-549D-4CC8-9FC4-2E8671D45EC9}.Release|x86.ActiveCfg = Release|Win32
		{6FBF638F-549D-4CC8-9FC4-2E8671D45EC9}.Release|x86.Build.0 = Release|Win32
		{B3F9DD2F-8BC8-4A69-B660-4087DE74844F}.Debug|Any CPU.ActiveCfg = Debug|Win32
		{B3F9DD2F-8BC8-4A69-B660-4087DE74844F}.Debug|x64.ActiveCfg = Debug|x64
		{B3F9DD2F-8BC8-4A69-B660-4087DE74844F}.Debug|x64.Build.0 = Debug|x64
		{B3F9DD2F-8BC8-4A69-B660-4087DE74844F}.Debug|x86.ActiveCfg = Debug|Win32
		{B3F9DD2F-8BC8-4A69-B660-4087DE74844F}.Debug|x86.Build.0 = Debug|Win32
		{B3F9DD2F-8BC8-4A69-B660-4087DE74844F}.Release|Any CPU.ActiveCfg = Release|Win32
		{B3F9DD2F-8BC8-4A69-B660-4087DE74844F}.Release|x64.ActiveCfg = Release|x64
		{B3F9DD2F-8BC8-4A69-B660-4087DE74844F}.Release|x64.Build.0 = Release|x64
		{B3F9DD2F-8BC8-4A69-B660-4087DE74844F}.Release|x86.ActiveCfg = Release|Win32
		{B3F9DD2F-8BC8-4A69-B660-4087DE74844F}.Release|x86.Build.0 = Release|Win32
		{56EDE2C3-E036-45E7-8793-83D918956BA3}.Debug|Any CPU.ActiveCfg = Debug|Win32
		{56EDE2C3-E036-45E7-8793-83D918956BA3}.Debug|x64.ActiveCfg = Debug|x64
		{56EDE2C3-E036-45E7-8793-83D918956BA3}.Debug|x64.Build.0 = Debug|x64
		{56EDE2C3-E036-45E7-8793-83D918956BA3}.Debug|x86.ActiveCfg = Debug|Win32
		{56EDE2C3-E036-45E7-8793-83D918956BA3}.Debug|x86.Build.0 = Debug|Win32
		{56EDE2C3-E036-45E7-8793-83D918956BA3}.Release|Any CPU.ActiveCfg = Release|Win32
		{56EDE2C3-E036-45E7-8793-83D918956BA3}.Release|x64.ActiveCfg = Release|x64
		{56EDE2C3-E036-45E7-8793-83D918956BA3}.Release|x64.Build.0 = Release|x64
		{56EDE2C3-E036-45E7-8793-83D918956BA3}.Release|x86.ActiveCfg = Release|Win32
		{56EDE2C3-E036-45E7-8793-83D918956BA3}.Release|x86.Build.0 = Release|Win32
		{A8EC8582-D11D-4385-B094-B376E616CEF8}.Debug|Any CPU.ActiveCfg = Debug|Win32
		{A8EC8582-D11D-4385-B094-B376E616CEF8}.Debug|x64.ActiveCfg = Debug|x64
		{A8EC8582-D11D-4385-B094-B376E616CEF8}.Debug|x64.Build.0 = Debug|x64
		{A8EC8582-D11D-4385-B094-B376E616CEF8}.Debug|x86.ActiveCfg = Debug|Win32
		{A8EC8582-D11D-4385-B094-B376E616CEF8}.Debug|x86.Build.0 = Debug|Win32
		{A8EC8582-D11D-4385-B094-B376E616CEF8}.Release|Any CPU.ActiveCfg = Release|Win32
		{A8EC8582-D11D-4385-B094-B376E616CEF8}.Release|x64.ActiveCfg = Release|x64
		{A8EC8582-D11D-4385-B094-B376E616CEF8}.Release|x64.Build.0 = Release|x64
		{A8EC8582-D11D-4385-B094-B376E616CEF8}.Release|x86.ActiveCfg = Release|Win32
		{A8EC8582-D11D-4385-B094-B376E616CEF8}.Release|x86.Build.0 = Release|Win32
	EndGlobalSection
	GlobalSection(SolutionProperties) = preSolution
		HideSolutionNode = FALSE
	EndGlobalSection
	GlobalSection(NestedProjects) = preSolution
		{B3EF0680-363D-49AC-B6DF-FFF6D4A682BB} = {D21C6AF5-FECD-4807-A261-BBB9450D8471}
		{FF54C14A-5AB4-411C-8C2D-D509BA3E19EB} = {D21C6AF5-FECD-4807-A261-BBB9450D8471}
		{F815124D-1957-4498-9EAC-3CDFA879EACB} = {D21C6AF5-FECD-4807-A261-BBB9450D8471}
		{72F6B417-DF8C-4788-B5A2-C58847D62706} = {D21C6AF5-FECD-4807-A261-BBB9450D8471}
		{755E199E-0CF7-4158-94FB-DB59BB0FA4EC} = {D21C6AF5-FECD-4807-A261-BBB9450D8471}
		{C72B6FEF-CB80-49D0-934A-CACEE165BF58} = {D21C6AF5-FECD-4807-A261-BBB9450D8471}
		{9DFF2CDD-482D-42C9-A6BA-59ED96196CB5} = {D21C6AF5-FECD-4807-A261-BBB9450D8471}
		{98A7B3D2-4B7E-4AAF-BE4B-51FC36726C49} = {F5B30ED2-5DD1-4DA7-9D98-88C36B72A1F3}
		{7ED41075-EAB1-4247-8D5B-CEEE0244BC26} = {F5B30ED2-5DD1-4DA7-9D98-88C36B72A1F3}
		{55E336EE-77AB-4947-A97B-F1769481D507} = {F5B30ED2-5DD1-4DA7-9D98-88C36B72A1F3}
		{63A92309-B284-45E5-AF3E-CC9EE1E4F9BC} = {55E336EE-77AB-4947-A97B-F1769481D507}
		{33C5514F-F875-47D0-9AC0-345578B91792} = {55E336EE-77AB-4947-A97B-F1769481D507}
		{881A57A0-B827-49BD-ADFD-7026BAA56D07} = {55E336EE-77AB-4947-A97B-F1769481D507}
		{910762DC-6C83-498C-BE86-E82B78E3B6CF} = {55E336EE-77AB-4947-A97B-F1769481D507}
		{3D3D5727-225F-49A4-965A-53810D45B636} = {55E336EE-77AB-4947-A97B-F1769481D507}
		{5661A6AF-7E40-4EF9-A823-11DBCFF70CA8} = {55E336EE-77AB-4947-A97B-F1769481D507}
		{0E163855-7FF2-46ED-961E-D1826F7D1EAD} = {55E336EE-77AB-4947-A97B-F1769481D507}
		{BE221FA0-72CC-45FF-B1B4-CC109F4E3CCB} = {55E336EE-77AB-4947-A97B-F1769481D507}
		{231813C9-4CC9-41AD-B1C6-E7A9E62A7690} = {55E336EE-77AB-4947-A97B-F1769481D507}
		{27CE3D1E-B243-4719-9178-48F678473545} = {55E336EE-77AB-4947-A97B-F1769481D507}
		{AEC20086-ED77-494E-89A8-45391C19EAA5} = {55E336EE-77AB-4947-A97B-F1769481D507}
		{C3F73BE8-4B8D-4C78-B3A3-18CB203DD4FC} = {55E336EE-77AB-4947-A97B-F1769481D507}
		{F3C68B19-AA23-4314-B47D-600666FDB595} = {55E336EE-77AB-4947-A97B-F1769481D507}
		{A74C5D7E-B0BA-4D74-9DC9-AE8D3B55CA51} = {55E336EE-77AB-4947-A97B-F1769481D507}
		{A10DE821-3435-444F-83F3-DC469E6BC585} = {F5B30ED2-5DD1-4DA7-9D98-88C36B72A1F3}
		{0A3351AD-413D-40B0-885C-5FE5C88FC3F2} = {F5B30ED2-5DD1-4DA7-9D98-88C36B72A1F3}
		{997BB6AC-1EDF-450F-B1F7-4798E9D754AB} = {F5B30ED2-5DD1-4DA7-9D98-88C36B72A1F3}
		{0EF3EF54-8E05-4B85-8EAA-C446D23F3A3D} = {F5B30ED2-5DD1-4DA7-9D98-88C36B72A1F3}
		{6BE6FE5A-CD0D-404F-97F2-9A9EF8E598BB} = {F5B30ED2-5DD1-4DA7-9D98-88C36B72A1F3}
		{3B7325C6-63E6-48A0-A57E-EDE038F89311} = {F5B30ED2-5DD1-4DA7-9D98-88C36B72A1F3}
		{3287EEA9-A872-42E1-9237-EA12786C9724} = {F5B30ED2-5DD1-4DA7-9D98-88C36B72A1F3}
		{A5C391A9-7F61-4A16-B60C-6B5245529602} = {F5B30ED2-5DD1-4DA7-9D98-88C36B72A1F3}
		{0DCFD2B9-DBF1-4093-A4E5-5714BF517128} = {F5B30ED2-5DD1-4DA7-9D98-88C36B72A1F3}
		{3F988866-F0F6-4751-9AE5-70F1DC0F2DF6} = {F5B30ED2-5DD1-4DA7-9D98-88C36B72A1F3}
		{8F0EAADE-4F23-4157-A098-2F7EA839AC7E} = {F5B30ED2-5DD1-4DA7-9D98-88C36B72A1F3}
		{6FBF638F-549D-4CC8-9FC4-2E8671D45EC9} = {F5B30ED2-5DD1-4DA7-9D98-88C36B72A1F3}
		{B3F9DD2F-8BC8-4A69-B660-4087DE74844F} = {F5B30ED2-5DD1-4DA7-9D98-88C36B72A1F3}
		{56EDE2C3-E036-45E7-8793-83D918956BA3} = {F5B30ED2-5DD1-4DA7-9D98-88C36B72A1F3}
		{A8EC8582-D11D-4385-B094-B376E616CEF8} = {F5B30ED2-5DD1-4DA7-9D98-88C36B72A1F3}
	EndGlobalSection
	GlobalSection(ExtensibilityGlobals) = postSolution
		SolutionGuid = {5F5329EA-B146-4C80-8041-07BD424686A1}
	EndGlobalSection
EndGlobal
